
Microsoft Visual Studio Solution File, Format Version 12.00
# Visual Studio Version 16
VisualStudioVersion = 16.0.31702.278
MinimumVisualStudioVersion = 10.0.40219.1
Project("{FAE04EC0-301F-11D3-BF4B-00C04F79EFBC}") = "ScriptureJournal", "ScriptureJournal\ScriptureJournal.csproj", "{FBC1DB10-4E89-4225-A5BE-88B3E02E78DF}"
EndProject
Global
	GlobalSection(SolutionConfigurationPlatforms) = preSolution
		Debug|Any CPU = Debug|Any CPU
		Release|Any CPU = Release|Any CPU
	EndGlobalSection
	GlobalSection(ProjectConfigurationPlatforms) = postSolution
		{FBC1DB10-4E89-4225-A5BE-88B3E02E78DF}.Debug|Any CPU.ActiveCfg = Debug|Any CPU
		{FBC1DB10-4E89-4225-A5BE-88B3E02E78DF}.Debug|Any CPU.Build.0 = Debug|Any CPU
		{FBC1DB10-4E89-4225-A5BE-88B3E02E78DF}.Release|Any CPU.ActiveCfg = Release|Any CPU
		{FBC1DB10-4E89-4225-A5BE-88B3E02E78DF}.Release|Any CPU.Build.0 = Release|Any CPU
	EndGlobalSection
	GlobalSection(SolutionProperties) = preSolution
		HideSolutionNode = FALSE
	EndGlobalSection
	GlobalSection(ExtensibilityGlobals) = postSolution
		SolutionGuid = {06510328-B913-4990-BEFC-57DBE3A0CFF9}
	EndGlobalSection
EndGlobal
